
Microsoft Visual Studio Solution File, Format Version 12.00
# Visual Studio Version 17
VisualStudioVersion = 17.6.33927.249
MinimumVisualStudioVersion = 10.0.40219.1
Project("{FAE04EC0-301F-11D3-BF4B-00C04F79EFBC}") = "Mod04_Ribbon_Challenge", "Mod04_Ribbon_Challenge\Mod04_Ribbon_Challenge.csproj", "{4D2DBE0D-5715-4B85-8C61-E437D07A4FC3}"
EndProject
Global
	GlobalSection(SolutionConfigurationPlatforms) = preSolution
		2021Debug|Any CPU = 2021Debug|Any CPU
		2021Release|Any CPU = 2021Release|Any CPU
		2022Debug|Any CPU = 2022Debug|Any CPU
		2022Release|Any CPU = 2022Release|Any CPU
		2023Debug|Any CPU = 2023Debug|Any CPU
		2023Release|Any CPU = 2023Release|Any CPU
		2024Debug|Any CPU = 2024Debug|Any CPU
		2024Release|Any CPU = 2024Release|Any CPU
	EndGlobalSection
	GlobalSection(ProjectConfigurationPlatforms) = postSolution
		{4D2DBE0D-5715-4B85-8C61-E437D07A4FC3}.2021Debug|Any CPU.ActiveCfg = 2021Debug|Any CPU
		{4D2DBE0D-5715-4B85-8C61-E437D07A4FC3}.2021Debug|Any CPU.Build.0 = 2021Debug|Any CPU
		{4D2DBE0D-5715-4B85-8C61-E437D07A4FC3}.2021Release|Any CPU.ActiveCfg = 2021Release|Any CPU
		{4D2DBE0D-5715-4B85-8C61-E437D07A4FC3}.2021Release|Any CPU.Build.0 = 2021Release|Any CPU
		{4D2DBE0D-5715-4B85-8C61-E437D07A4FC3}.2022Debug|Any CPU.ActiveCfg = 2022Debug|Any CPU
		{4D2DBE0D-5715-4B85-8C61-E437D07A4FC3}.2022Debug|Any CPU.Build.0 = 2022Debug|Any CPU
		{4D2DBE0D-5715-4B85-8C61-E437D07A4FC3}.2022Release|Any CPU.ActiveCfg = 2022Release|Any CPU
		{4D2DBE0D-5715-4B85-8C61-E437D07A4FC3}.2022Release|Any CPU.Build.0 = 2022Release|Any CPU
		{4D2DBE0D-5715-4B85-8C61-E437D07A4FC3}.2023Debug|Any CPU.ActiveCfg = 2023Debug|Any CPU
		{4D2DBE0D-5715-4B85-8C61-E437D07A4FC3}.2023Debug|Any CPU.Build.0 = 2023Debug|Any CPU
		{4D2DBE0D-5715-4B85-8C61-E437D07A4FC3}.2023Release|Any CPU.ActiveCfg = 2023Release|Any CPU
		{4D2DBE0D-5715-4B85-8C61-E437D07A4FC3}.2023Release|Any CPU.Build.0 = 2023Release|Any CPU
		{4D2DBE0D-5715-4B85-8C61-E437D07A4FC3}.2024Debug|Any CPU.ActiveCfg = 2024Debug|Any CPU
		{4D2DBE0D-5715-4B85-8C61-E437D07A4FC3}.2024Debug|Any CPU.Build.0 = 2024Debug|Any CPU
		{4D2DBE0D-5715-4B85-8C61-E437D07A4FC3}.2024Release|Any CPU.ActiveCfg = 2024Release|Any CPU
		{4D2DBE0D-5715-4B85-8C61-E437D07A4FC3}.2024Release|Any CPU.Build.0 = 2024Release|Any CPU
	EndGlobalSection
	GlobalSection(SolutionProperties) = preSolution
		HideSolutionNode = FALSE
	EndGlobalSection
	GlobalSection(ExtensibilityGlobals) = postSolution
		SolutionGuid = {11EDB860-3870-4BE3-B2C7-414E2F40BEB1}
	EndGlobalSection
EndGlobal
